<?xml version="1.0" encoding="utf-8"?>
<Project ToolsVersion="4.0" xmlns="http://schemas.microsoft.com/developer/msbuild/2003">
  <ItemGroup>
    <Filter Include="Source Files">
      <UniqueIdentifier>{4FC737F1-C7A5-4376-A066-2A32D752A2FF}</UniqueIdentifier>
      <Extensions>cpp;c;cc;cxx;def;odl;idl;hpj;bat;asm;asmx</Extensions>
    </Filter>
    <Filter Include="Header Files">
      <UniqueIdentifier>{93995380-89BD-4b04-88EB-625FBE52EBFB}</UniqueIdentifier>
      <Extensions>h;hpp;hxx;hm;inl;inc;xsd</Extensions>
    </Filter>
    <Filter Include="Resource Files">
      <UniqueIdentifier>{67DA6AB6-F800-4c08-8B7A-83BB121AAD01}</UniqueIdentifier>
      <Extensions>rc;ico;cur;bmp;dlg;rc2;rct;bin;rgs;gif;jpg;jpeg;jpe;resx;tiff;tif;png;wav;mfcribbon-ms</Extensions>
    </Filter>
    <Filter Include="Source Files\jansson">
      <UniqueIdentifier>{7d999146-b8de-43ff-a161-c91b5a595c93}</UniqueIdentifier>
    </Filter>
    <Filter Include="Source Files\gettimeofday">
      <UniqueIdentifier>{710f92e9-51e0-4307-be94-73e1218502da}</UniqueIdentifier>
    </Filter>
    <Filter Include="Source Files\getopt">
      <UniqueIdentifier>{91f04eb3-0580-4144-aa81-ba7c40876583}</UniqueIdentifier>
    </Filter>
  </ItemGroup>
  <ItemGroup>
    <ClInclude Include="elist.h">
      <Filter>Header Files</Filter>
    </ClInclude>
    <ClInclude Include="miner.h">
      <Filter>Header Files</Filter>
    </ClInclude>
    <ClInclude Include="cpuminer-config.h">
      <Filter>Header Files</Filter>
    </ClInclude>
    <ClInclude Include="compat\inttypes.h">
      <Filter>Header Files</Filter>
    </ClInclude>
  </ItemGroup>
  <ItemGroup>
    <ClCompile Include="compat\jansson\dump.c">
      <Filter>Source Files\jansson</Filter>
    </ClCompile>
    <ClCompile Include="compat\jansson\hashtable.c">
      <Filter>Source Files\jansson</Filter>
    </ClCompile>
    <ClCompile Include="compat\jansson\load.c">
      <Filter>Source Files\jansson</Filter>
    </ClCompile>
    <ClCompile Include="compat\jansson\strbuffer.c">
      <Filter>Source Files\jansson</Filter>
    </ClCompile>
    <ClCompile Include="compat\jansson\utf.c">
      <Filter>Source Files\jansson</Filter>
    </ClCompile>
    <ClCompile Include="compat\jansson\value.c">
      <Filter>Source Files\jansson</Filter>
    </ClCompile>
    <ClCompile Include="gettimeofday.c">
      <Filter>Source Files\gettimeofday</Filter>
    </ClCompile>
    <ClCompile Include="getopt\getopt_long.c">
      <Filter>Source Files\getopt</Filter>
    </ClCompile>
    <ClCompile Include="cpu-miner.c">
      <Filter>Source Files</Filter>
    </ClCompile>
    <ClCompile Include="scrypt.c">
      <Filter>Source Files</Filter>
    </ClCompile>
    <ClCompile Include="sha2.c">
      <Filter>Source Files</Filter>
    </ClCompile>
    <ClCompile Include="util.c">
      <Filter>Source Files</Filter>
    </ClCompile>
  </ItemGroup>
</Project>